// !$*UTF8*$!
{
	archiveVersion = 1;
	classes = {
	};
	objectVersion = 50;
	objects = {

/* Begin PBXBuildFile section */
		EC3C959420A3185900B51014 /* AppDelegate.m in Sources */ = {isa = PBXBuildFile; fileRef = EC3C959320A3185900B51014 /* AppDelegate.m */; };
		EC3C959720A3185900B51014 /* ViewController.m in Sources */ = {isa = PBXBuildFile; fileRef = EC3C959620A3185900B51014 /* ViewController.m */; };
		EC3C959A20A3185900B51014 /* Main.storyboard in Resources */ = {isa = PBXBuildFile; fileRef = EC3C959820A3185900B51014 /* Main.storyboard */; };
		EC3C959C20A3185A00B51014 /* Assets.xcassets in Resources */ = {isa = PBXBuildFile; fileRef = EC3C959B20A3185A00B51014 /* Assets.xcassets */; };
		EC3C959F20A3185A00B51014 /* LaunchScreen.storyboard in Resources */ = {isa = PBXBuildFile; fileRef = EC3C959D20A3185A00B51014 /* LaunchScreen.storyboard */; };
		EC3C95A220A3185A00B51014 /* main.m in Sources */ = {isa = PBXBuildFile; fileRef = EC3C95A120A3185A00B51014 /* main.m */; };
		EC3C95AA20A3189A00B51014 /* CTLabel.m in Sources */ = {isa = PBXBuildFile; fileRef = EC3C95A820A3189A00B51014 /* CTLabel.m */; };
		EC4D9B3420A6A7D00049A5C2 /* AsnycLayer.m in Sources */ = {isa = PBXBuildFile; fileRef = EC4D9B3320A6A7D00049A5C2 /* AsnycLayer.m */; };
		ECFE0B5220A93CC60082CD06 /* CTCalculator.m in Sources */ = {isa = PBXBuildFile; fileRef = ECFE0B5120A93CC60082CD06 /* CTCalculator.m */; };
		ECFE0B5520A95DE40082CD06 /* DWAsyncLayer.m in Sources */ = {isa = PBXBuildFile; fileRef = ECFE0B5420A95DE40082CD06 /* DWAsyncLayer.m */; };
		ECFE0B5820A9675E0082CD06 /* NormalTableViewCell.m in Sources */ = {isa = PBXBuildFile; fileRef = ECFE0B5720A9675E0082CD06 /* NormalTableViewCell.m */; };
		ECFE0B5B20A96B4D0082CD06 /* CoreTextTableViewCell.m in Sources */ = {isa = PBXBuildFile; fileRef = ECFE0B5A20A96B4D0082CD06 /* CoreTextTableViewCell.m */; };
/* End PBXBuildFile section */

/* Begin PBXFileReference section */
		EC3C958F20A3185900B51014 /* CoreTextAsyncLabel.app */ = {isa = PBXFileReference; explicitFileType = wrapper.application; includeInIndex = 0; path = CoreTextAsyncLabel.app; sourceTree = BUILT_PRODUCTS_DIR; };
		EC3C959220A3185900B51014 /* AppDelegate.h */ = {isa = PBXFileReference; lastKnownFileType = sourcecode.c.h; path = AppDelegate.h; sourceTree = "<group>"; };
		EC3C959320A3185900B51014 /* AppDelegate.m */ = {isa = PBXFileReference; lastKnownFileType = sourcecode.c.objc; path = AppDelegate.m; sourceTree = "<group>"; };
		EC3C959520A3185900B51014 /* ViewController.h */ = {isa = PBXFileReference; lastKnownFileType = sourcecode.c.h; path = ViewController.h; sourceTree = "<group>"; };
		EC3C959620A3185900B51014 /* ViewController.m */ = {isa = PBXFileReference; lastKnownFileType = sourcecode.c.objc; path = ViewController.m; sourceTree = "<group>"; };
		EC3C959920A3185900B51014 /* Base */ = {isa = PBXFileReference; lastKnownFileType = file.storyboard; name = Base; path = Base.lproj/Main.storyboard; sourceTree = "<group>"; };
		EC3C959B20A3185A00B51014 /* Assets.xcassets */ = {isa = PBXFileReference; lastKnownFileType = folder.assetcatalog; path = Assets.xcassets; sourceTree = "<group>"; };
		EC3C959E20A3185A00B51014 /* Base */ = {isa = PBXFileReference; lastKnownFileType = file.storyboard; name = Base; path = Base.lproj/LaunchScreen.storyboard; sourceTree = "<group>"; };
		EC3C95A020A3185A00B51014 /* Info.plist */ = {isa = PBXFileReference; lastKnownFileType = text.plist.xml; path = Info.plist; sourceTree = "<group>"; };
		EC3C95A120A3185A00B51014 /* main.m */ = {isa = PBXFileReference; lastKnownFileType = sourcecode.c.objc; path = main.m; sourceTree = "<group>"; };
		EC3C95A820A3189A00B51014 /* CTLabel.m */ = {isa = PBXFileReference; fileEncoding = 4; lastKnownFileType = sourcecode.c.objc; path = CTLabel.m; sourceTree = "<group>"; };
		EC3C95A920A3189A00B51014 /* CTLabel.h */ = {isa = PBXFileReference; fileEncoding = 4; lastKnownFileType = sourcecode.c.h; path = CTLabel.h; sourceTree = "<group>"; };
		EC4D9B3220A6A7D00049A5C2 /* AsnycLayer.h */ = {isa = PBXFileReference; lastKnownFileType = sourcecode.c.h; path = AsnycLayer.h; sourceTree = "<group>"; };
		EC4D9B3320A6A7D00049A5C2 /* AsnycLayer.m */ = {isa = PBXFileReference; lastKnownFileType = sourcecode.c.objc; path = AsnycLayer.m; sourceTree = "<group>"; };
		ECFE0B5020A93CC60082CD06 /* CTCalculator.h */ = {isa = PBXFileReference; lastKnownFileType = sourcecode.c.h; path = CTCalculator.h; sourceTree = "<group>"; };
		ECFE0B5120A93CC60082CD06 /* CTCalculator.m */ = {isa = PBXFileReference; lastKnownFileType = sourcecode.c.objc; path = CTCalculator.m; sourceTree = "<group>"; };
		ECFE0B5320A95DE30082CD06 /* DWAsyncLayer.h */ = {isa = PBXFileReference; fileEncoding = 4; lastKnownFileType = sourcecode.c.h; path = DWAsyncLayer.h; sourceTree = "<group>"; };
		ECFE0B5420A95DE40082CD06 /* DWAsyncLayer.m */ = {isa = PBXFileReference; fileEncoding = 4; lastKnownFileType = sourcecode.c.objc; path = DWAsyncLayer.m; sourceTree = "<group>"; };
		ECFE0B5620A9675E0082CD06 /* NormalTableViewCell.h */ = {isa = PBXFileReference; lastKnownFileType = sourcecode.c.h; path = NormalTableViewCell.h; sourceTree = "<group>"; };
		ECFE0B5720A9675E0082CD06 /* NormalTableViewCell.m */ = {isa = PBXFileReference; lastKnownFileType = sourcecode.c.objc; path = NormalTableViewCell.m; sourceTree = "<group>"; };
		ECFE0B5920A96B4D0082CD06 /* CoreTextTableViewCell.h */ = {isa = PBXFileReference; lastKnownFileType = sourcecode.c.h; path = CoreTextTableViewCell.h; sourceTree = "<group>"; };
		ECFE0B5A20A96B4D0082CD06 /* CoreTextTableViewCell.m */ = {isa = PBXFileReference; lastKnownFileType = sourcecode.c.objc; path = CoreTextTableViewCell.m; sourceTree = "<group>"; };
/* End PBXFileReference section */

/* Begin PBXFrameworksBuildPhase section */
		EC3C958C20A3185900B51014 /* Frameworks */ = {
			isa = PBXFrameworksBuildPhase;
			buildActionMask = 2147483647;
			files = (
			);
			runOnlyForDeploymentPostprocessing = 0;
		};
/* End PBXFrameworksBuildPhase section */

/* Begin PBXGroup section */
		EC3C958620A3185900B51014 = {
			isa = PBXGroup;
			children = (
				EC3C959120A3185900B51014 /* CoreTextAsyncLabel */,
				EC3C959020A3185900B51014 /* Products */,
			);
			sourceTree = "<group>";
		};
		EC3C959020A3185900B51014 /* Products */ = {
			isa = PBXGroup;
			children = (
				EC3C958F20A3185900B51014 /* CoreTextAsyncLabel.app */,
			);
			name = Products;
			sourceTree = "<group>";
		};
		EC3C959120A3185900B51014 /* CoreTextAsyncLabel */ = {
			isa = PBXGroup;
			children = (
				ECFE0B5320A95DE30082CD06 /* DWAsyncLayer.h */,
				ECFE0B5420A95DE40082CD06 /* DWAsyncLayer.m */,
				EC3C959220A3185900B51014 /* AppDelegate.h */,
				EC3C959320A3185900B51014 /* AppDelegate.m */,
				EC3C959520A3185900B51014 /* ViewController.h */,
				EC3C959620A3185900B51014 /* ViewController.m */,
				EC4D9B3220A6A7D00049A5C2 /* AsnycLayer.h */,
				EC4D9B3320A6A7D00049A5C2 /* AsnycLayer.m */,
				EC3C95A920A3189A00B51014 /* CTLabel.h */,
				EC3C95A820A3189A00B51014 /* CTLabel.m */,
				ECFE0B5020A93CC60082CD06 /* CTCalculator.h */,
				ECFE0B5120A93CC60082CD06 /* CTCalculator.m */,
				ECFE0B5620A9675E0082CD06 /* NormalTableViewCell.h */,
				ECFE0B5720A9675E0082CD06 /* NormalTableViewCell.m */,
				ECFE0B5920A96B4D0082CD06 /* CoreTextTableViewCell.h */,
				ECFE0B5A20A96B4D0082CD06 /* CoreTextTableViewCell.m */,
				EC3C959820A3185900B51014 /* Main.storyboard */,
				EC3C959B20A3185A00B51014 /* Assets.xcassets */,
				EC3C959D20A3185A00B51014 /* LaunchScreen.storyboard */,
				EC3C95A020A3185A00B51014 /* Info.plist */,
				EC3C95A120A3185A00B51014 /* main.m */,
			);
			path = CoreTextAsyncLabel;
			sourceTree = "<group>";
		};
/* End PBXGroup section */

/* Begin PBXNativeTarget section */
		EC3C958E20A3185900B51014 /* CoreTextAsyncLabel */ = {
			isa = PBXNativeTarget;
			buildConfigurationList = EC3C95A520A3185A00B51014 /* Build configuration list for PBXNativeTarget "CoreTextAsyncLabel" */;
			buildPhases = (
				EC3C958B20A3185900B51014 /* Sources */,
				EC3C958C20A3185900B51014 /* Frameworks */,
				EC3C958D20A3185900B51014 /* Resources */,
			);
			buildRules = (
			);
			dependencies = (
			);
			name = CoreTextAsyncLabel;
			productName = CoreTextAsyncLabel;
			productReference = EC3C958F20A3185900B51014 /* CoreTextAsyncLabel.app */;
			productType = "com.apple.product-type.application";
		};
/* End PBXNativeTarget section */

/* Begin PBXProject section */
		EC3C958720A3185900B51014 /* Project object */ = {
			isa = PBXProject;
			attributes = {
				LastUpgradeCheck = 0930;
				ORGANIZATIONNAME = Liang;
				TargetAttributes = {
					EC3C958E20A3185900B51014 = {
						CreatedOnToolsVersion = 9.3;
					};
				};
			};
			buildConfigurationList = EC3C958A20A3185900B51014 /* Build configuration list for PBXProject "CoreTextAsyncLabel" */;
			compatibilityVersion = "Xcode 9.3";
			developmentRegion = en;
			hasScannedForEncodings = 0;
			knownRegions = (
				en,
				Base,
			);
			mainGroup = EC3C958620A3185900B51014;
			productRefGroup = EC3C959020A3185900B51014 /* Products */;
			projectDirPath = "";
			projectRoot = "";
			targets = (
				EC3C958E20A3185900B51014 /* CoreTextAsyncLabel */,
			);
		};
/* End PBXProject section */

/* Begin PBXResourcesBuildPhase section */
		EC3C958D20A3185900B51014 /* Resources */ = {
			isa = PBXResourcesBuildPhase;
			buildActionMask = 2147483647;
			files = (
				EC3C959F20A3185A00B51014 /* LaunchScreen.storyboard in Resources */,
				EC3C959C20A3185A00B51014 /* Assets.xcassets in Resources */,
				EC3C959A20A3185900B51014 /* Main.storyboard in Resources */,
			);
			runOnlyForDeploymentPostprocessing = 0;
		};
/* End PBXResourcesBuildPhase section */

/* Begin PBXSourcesBuildPhase section */
		EC3C958B20A3185900B51014 /* Sources */ = {
			isa = PBXSourcesBuildPhase;
			buildActionMask = 2147483647;
			files = (
				EC3C959720A3185900B51014 /* ViewController.m in Sources */,
				EC3C95A220A3185A00B51014 /* main.m in Sources */,
				ECFE0B5220A93CC60082CD06 /* CTCalculator.m in Sources */,
				EC3C959420A3185900B51014 /* AppDelegate.m in Sources */,
				ECFE0B5820A9675E0082CD06 /* NormalTableViewCell.m in Sources */,
				EC4D9B3420A6A7D00049A5C2 /* AsnycLayer.m in Sources */,
				EC3C95AA20A3189A00B51014 /* CTLabel.m in Sources */,
				ECFE0B5520A95DE40082CD06 /* DWAsyncLayer.m in Sources */,
				ECFE0B5B20A96B4D0082CD06 /* CoreTextTableViewCell.m in Sources */,
			);
			runOnlyForDeploymentPostprocessing = 0;
		};
/* End PBXSourcesBuildPhase section */

/* Begin PBXVariantGroup section */
		EC3C959820A3185900B51014 /* Main.storyboard */ = {
			isa = PBXVariantGroup;
			children = (
				EC3C959920A3185900B51014 /* Base */,
			);
			name = Main.storyboard;
			sourceTree = "<group>";
		};
		EC3C959D20A3185A00B51014 /* LaunchScreen.storyboard */ = {
			isa = PBXVariantGroup;
			children = (
				EC3C959E20A3185A00B51014 /* Base */,
			);
			name = LaunchScreen.storyboard;
			sourceTree = "<group>";
		};
/* End PBXVariantGroup section */

/* Begin XCBuildConfiguration section */
		EC3C95A320A3185A00B51014 /* Debug */ = {
			isa = XCBuildConfiguration;
			buildSettings = {
				ALWAYS_SEARCH_USER_PATHS = NO;
				CLANG_ANALYZER_NONNULL = YES;
				CLANG_ANALYZER_NUMBER_OBJECT_CONVERSION = YES_AGGRESSIVE;
				CLANG_CXX_LANGUAGE_STANDARD = "gnu++14";
				CLANG_CXX_LIBRARY = "libc++";
				CLANG_ENABLE_MODULES = YES;
				CLANG_ENABLE_OBJC_ARC = YES;
				CLANG_ENABLE_OBJC_WEAK = YES;
				CLANG_WARN_BLOCK_CAPTURE_AUTORELEASING = YES;
				CLANG_WARN_BOOL_CONVERSION = YES;
				CLANG_WARN_COMMA = YES;
				CLANG_WARN_CONSTANT_CONVERSION = YES;
				CLANG_WARN_DEPRECATED_OBJC_IMPLEMENTATIONS = YES;
				CLANG_WARN_DIRECT_OBJC_ISA_USAGE = YES_ERROR;
				CLANG_WARN_DOCUMENTATION_COMMENTS = YES;
				CLANG_WARN_EMPTY_BODY = YES;
				CLANG_WARN_ENUM_CONVERSION = YES;
				CLANG_WARN_INFINITE_RECURSION = YES;
				CLANG_WARN_INT_CONVERSION = YES;
				CLANG_WARN_NON_LITERAL_NULL_CONVERSION = YES;
				CLANG_WARN_OBJC_IMPLICIT_RETAIN_SELF = NO;
				CLANG_WARN_OBJC_LITERAL_CONVERSION = YES;
				CLANG_WARN_OBJC_ROOT_CLASS = YES_ERROR;
				CLANG_WARN_RANGE_LOOP_ANALYSIS = YES;
				CLANG_WARN_STRICT_PROTOTYPES = YES;
				CLANG_WARN_SUSPICIOUS_MOVE = YES;
				CLANG_WARN_UNGUARDED_AVAILABILITY = YES_AGGRESSIVE;
				CLANG_WARN_UNREACHABLE_CODE = YES;
				CLANG_WARN__DUPLICATE_METHOD_MATCH = YES;
				CODE_SIGN_IDENTITY = "iPhone Developer";
				COPY_PHASE_STRIP = NO;
				DEBUG_INFORMATION_FORMAT = dwarf;
				ENABLE_STRICT_OBJC_MSGSEND = YES;
				ENABLE_TESTABILITY = YES;
				GCC_C_LANGUAGE_STANDARD = gnu11;
				GCC_DYNAMIC_NO_PIC = NO;
				GCC_NO_COMMON_BLOCKS = YES;
				GCC_OPTIMIZATION_LEVEL = 0;
				GCC_PREPROCESSOR_DEFINITIONS = (
					"DEBUG=1",
					"$(inherited)",
				);
				GCC_WARN_64_TO_32_BIT_CONVERSION = YES;
				GCC_WARN_ABOUT_RETURN_TYPE = YES_ERROR;
				GCC_WARN_UNDECLARED_SELECTOR = YES;
				GCC_WARN_UNINITIALIZED_AUTOS = YES_AGGRESSIVE;
				GCC_WARN_UNUSED_FUNCTION = YES;
				GCC_WARN_UNUSED_VARIABLE = YES;
				IPHONEOS_DEPLOYMENT_TARGET = 11.3;
				MTL_ENABLE_DEBUG_INFO = YES;
				ONLY_ACTIVE_ARCH = YES;
				SDKROOT = iphoneos;
			};
			name = Debug;
		};
		EC3C95A420A3185A00B51014 /* Release */ = {
			isa = XCBuildConfiguration;
			buildSettings = {
				ALWAYS_SEARCH_USER_PATHS = NO;
				CLANG_ANALYZER_NONNULL = YES;
				CLANG_ANALYZER_NUMBER_OBJECT_CONVERSION = YES_AGGRESSIVE;
				CLANG_CXX_LANGUAGE_STANDARD = "gnu++14";
				CLANG_CXX_LIBRARY = "libc++";
				CLANG_ENABLE_MODULES = YES;
				CLANG_ENABLE_OBJC_ARC = YES;
				CLANG_ENABLE_OBJC_WEAK = YES;
				CLANG_WARN_BLOCK_CAPTURE_AUTORELEASING = YES;
				CLANG_WARN_BOOL_CONVERSION = YES;
				CLANG_WARN_COMMA = YES;
				CLANG_WARN_CONSTANT_CONVERSION = YES;
				CLANG_WARN_DEPRECATED_OBJC_IMPLEMENTATIONS = YES;
				CLANG_WARN_DIRECT_OBJC_ISA_USAGE = YES_ERROR;
				CLANG_WARN_DOCUMENTATION_COMMENTS = YES;
				CLANG_WARN_EMPTY_BODY = YES;
				CLANG_WARN_ENUM_CONVERSION = YES;
				CLANG_WARN_INFINITE_RECURSION = YES;
				CLANG_WARN_INT_CONVERSION = YES;
				CLANG_WARN_NON_LITERAL_NULL_CONVERSION = YES;
				CLANG_WARN_OBJC_IMPLICIT_RETAIN_SELF = NO;
				CLANG_WARN_OBJC_LITERAL_CONVERSION = YES;
				CLANG_WARN_OBJC_ROOT_CLASS = YES_ERROR;
				CLANG_WARN_RANGE_LOOP_ANALYSIS = YES;
				CLANG_WARN_STRICT_PROTOTYPES = YES;
				CLANG_WARN_SUSPICIOUS_MOVE = YES;
				CLANG_WARN_UNGUARDED_AVAILABILITY = YES_AGGRESSIVE;
				CLANG_WARN_UNREACHABLE_CODE = YES;
				CLANG_WARN__DUPLICATE_METHOD_MATCH = YES;
				CODE_SIGN_IDENTITY = "iPhone Developer";
				COPY_PHASE_STRIP = NO;
				DEBUG_INFORMATION_FORMAT = "dwarf-with-dsym";
				ENABLE_NS_ASSERTIONS = NO;
				ENABLE_STRICT_OBJC_MSGSEND = YES;
				GCC_C_LANGUAGE_STANDARD = gnu11;
				GCC_NO_COMMON_BLOCKS = YES;
				GCC_WARN_64_TO_32_BIT_CONVERSION = YES;
				GCC_WARN_ABOUT_RETURN_TYPE = YES_ERROR;
				GCC_WARN_UNDECLARED_SELECTOR = YES;
				GCC_WARN_UNINITIALIZED_AUTOS = YES_AGGRESSIVE;
				GCC_WARN_UNUSED_FUNCTION = YES;
				GCC_WARN_UNUSED_VARIABLE = YES;
				IPHONEOS_DEPLOYMENT_TARGET = 11.3;
				MTL_ENABLE_DEBUG_INFO = NO;
				SDKROOT = iphoneos;
				VALIDATE_PRODUCT = YES;
			};
			name = Release;
		};
		EC3C95A620A3185A00B51014 /* Debug */ = {
			isa = XCBuildConfiguration;
			buildSettings = {
				ASSETCATALOG_COMPILER_APPICON_NAME = AppIcon;
				CODE_SIGN_STYLE = Automatic;
				DEVELOPMENT_TEAM = 92AS9FD8QV;
				INFOPLIST_FILE = CoreTextAsyncLabel/Info.plist;
				LD_RUNPATH_SEARCH_PATHS = (
					"$(inherited)",
					"@executable_path/Frameworks",
				);
				PRODUCT_BUNDLE_IDENTIFIER = com.liang.CoreTextAsyncLabel;
				PRODUCT_NAME = "$(TARGET_NAME)";
				TARGETED_DEVICE_FAMILY = "1,2";
			};
			name = Debug;
		};
		EC3C95A720A3185A00B51014 /* Release */ = {
			isa = XCBuildConfiguration;
			buildSettings = {
				ASSETCATALOG_COMPILER_APPICON_NAME = AppIcon;
				CODE_SIGN_STYLE = Automatic;
				DEVELOPMENT_TEAM = 92AS9FD8QV;
				INFOPLIST_FILE = CoreTextAsyncLabel/Info.plist;
				LD_RUNPATH_SEARCH_PATHS = (
					"$(inherited)",
					"@executable_path/Frameworks",
				);
				PRODUCT_BUNDLE_IDENTIFIER = com.liang.CoreTextAsyncLabel;
				PRODUCT_NAME = "$(TARGET_NAME)";
				TARGETED_DEVICE_FAMILY = "1,2";
			};
			name = Release;
		};
/* End XCBuildConfiguration section */

/* Begin XCConfigurationList section */
		EC3C958A20A3185900B51014 /* Build configuration list for PBXProject "CoreTextAsyncLabel" */ = {
			isa = XCConfigurationList;
			buildConfigurations = (
				EC3C95A320A3185A00B51014 /* Debug */,
				EC3C95A420A3185A00B51014 /* Release */,
			);
			defaultConfigurationIsVisible = 0;
			defaultConfigurationName = Release;
		};
		EC3C95A520A3185A00B51014 /* Build configuration list for PBXNativeTarget "CoreTextAsyncLabel" */ = {
			isa = XCConfigurationList;
			buildConfigurations = (
				EC3C95A620A3185A00B51014 /* Debug */,
				EC3C95A720A3185A00B51014 /* Release */,
			);
			defaultConfigurationIsVisible = 0;
			defaultConfigurationName = Release;
		};
/* End XCConfigurationList section */
	};
	rootObject = EC3C958720A3185900B51014 /* Project object */;
}
